{
  "name": "5.npm",
  "version": "1.0.0",
  "lockfileVersion": 1,
  "requires": true,
  "dependencies": {
    "say-hello-by-tzy": {
      "version": "1.0.2",
      "resolved": "https://registry.npmjs.org/say-hello-by-tzy/-/say-hello-by-tzy-1.0.2.tgz",
      "integrity": "sha512-ntE+ngQXNrpR8ZMuVW3XDWrsIDdNV5v+xZPmgBrAQosU5T8DSx+BKJ+erjjUinepJ69BlLWilLR8yrFZQRjbxA=="
    }
  }
}
